// !$*UTF8*$!
{
	archiveVersion = 1;
	classes = {
	};
	objectVersion = 51;
	objects = {

/* Begin PBXBuildFile section */
		9F03432F219C57E300603993 /* AppDelegate.swift in Sources */ = {isa = PBXBuildFile; fileRef = 9F03432E219C57E300603993 /* AppDelegate.swift */; };
		9F034334219C57E300603993 /* Main.storyboard in Resources */ = {isa = PBXBuildFile; fileRef = 9F034332219C57E300603993 /* Main.storyboard */; };
		9F034336219C57E400603993 /* Assets.xcassets in Resources */ = {isa = PBXBuildFile; fileRef = 9F034335219C57E400603993 /* Assets.xcassets */; };
		9F034339219C57E400603993 /* LaunchScreen.storyboard in Resources */ = {isa = PBXBuildFile; fileRef = 9F034337219C57E400603993 /* LaunchScreen.storyboard */; };
		9F62FD24219C914700A83344 /* Shadow.swift in Sources */ = {isa = PBXBuildFile; fileRef = 9F62FD23219C914700A83344 /* Shadow.swift */; };
		9F62FD28219CAEE500A83344 /* OnBoarding.storyboard in Resources */ = {isa = PBXBuildFile; fileRef = 9F62FD27219CAEE500A83344 /* OnBoarding.storyboard */; };
		9F62FD2A219CB19D00A83344 /* OnBoardingContainerViewController.swift in Sources */ = {isa = PBXBuildFile; fileRef = 9F62FD29219CB19D00A83344 /* OnBoardingContainerViewController.swift */; };
		9F62FD2C219CB23100A83344 /* OnBoardingViewController.swift in Sources */ = {isa = PBXBuildFile; fileRef = 9F62FD2B219CB23100A83344 /* OnBoardingViewController.swift */; };
		9F62FD2E219CB4FA00A83344 /* OnBoardingStepsViewController.swift in Sources */ = {isa = PBXBuildFile; fileRef = 9F62FD2D219CB4FA00A83344 /* OnBoardingStepsViewController.swift */; };
		9F62FD30219CC47100A83344 /* TransactionsViewController.swift in Sources */ = {isa = PBXBuildFile; fileRef = 9F62FD2F219CC47100A83344 /* TransactionsViewController.swift */; };
		9FDFDF05219C6CD500CD505D /* Transactions.storyboard in Resources */ = {isa = PBXBuildFile; fileRef = 9FDFDF04219C6CD500CD505D /* Transactions.storyboard */; };
		9FDFDF07219C6D6500CD505D /* Profile.storyboard in Resources */ = {isa = PBXBuildFile; fileRef = 9FDFDF06219C6D6500CD505D /* Profile.storyboard */; };
		9FDFDF0B219C6D9E00CD505D /* Statistics.storyboard in Resources */ = {isa = PBXBuildFile; fileRef = 9FDFDF0A219C6D9E00CD505D /* Statistics.storyboard */; };
		9FDFDF0E219C6DB900CD505D /* Budget.storyboard in Resources */ = {isa = PBXBuildFile; fileRef = 9FDFDF0C219C6DB900CD505D /* Budget.storyboard */; };
		9FDFDF11219C6E1B00CD505D /* Add.storyboard in Resources */ = {isa = PBXBuildFile; fileRef = 9FDFDF10219C6E1B00CD505D /* Add.storyboard */; };
		9FDFDF13219C6F4A00CD505D /* SignIn.storyboard in Resources */ = {isa = PBXBuildFile; fileRef = 9FDFDF12219C6F4A00CD505D /* SignIn.storyboard */; };
		9FE368C7219CCB3100606E29 /* EmptyState.xib in Resources */ = {isa = PBXBuildFile; fileRef = 9FE368C6219CCB3100606E29 /* EmptyState.xib */; };
		9FE368CB219DAA7400606E29 /* TabBarViewController.swift in Sources */ = {isa = PBXBuildFile; fileRef = 9FE368CA219DAA7400606E29 /* TabBarViewController.swift */; };
		9FE368CD219DAD5E00606E29 /* TransactionsCell.xib in Resources */ = {isa = PBXBuildFile; fileRef = 9FE368CC219DAD5E00606E29 /* TransactionsCell.xib */; };
		9FE368CF219DADCA00606E29 /* BudgetViewController.swift in Sources */ = {isa = PBXBuildFile; fileRef = 9FE368CE219DADCA00606E29 /* BudgetViewController.swift */; };
		9FF2782A219C7E830083760B /* Colors.xcassets in Resources */ = {isa = PBXBuildFile; fileRef = 9FF27829219C7E830083760B /* Colors.xcassets */; };
		BA03A37123A3015C0026E781 /* Default-568h@2x.png in Resources */ = {isa = PBXBuildFile; fileRef = BA03A36F23A301570026E781 /* Default-568h@2x.png */; };
		BA2AD83723A47A0400AC2464 /* Lottie.framework in Frameworks */ = {isa = PBXBuildFile; fileRef = BA2AD83623A47A0400AC2464 /* Lottie.framework */; };
		BA2AD83823A47A0400AC2464 /* Lottie.framework in Embed Frameworks */ = {isa = PBXBuildFile; fileRef = BA2AD83623A47A0400AC2464 /* Lottie.framework */; settings = {ATTRIBUTES = (CodeSignOnCopy, RemoveHeadersOnCopy, ); }; };
		BA2AD84823A47C7F00AC2464 /* day_of_the_dead_skull.json in Resources */ = {isa = PBXBuildFile; fileRef = BA2AD84523A47C7F00AC2464 /* day_of_the_dead_skull.json */; };
		BA2AD84923A47C7F00AC2464 /* LottieViewController.swift in Sources */ = {isa = PBXBuildFile; fileRef = BA2AD84623A47C7F00AC2464 /* LottieViewController.swift */; };
		BA2AD84A23A47C7F00AC2464 /* Lottie.storyboard in Resources */ = {isa = PBXBuildFile; fileRef = BA2AD84723A47C7F00AC2464 /* Lottie.storyboard */; };
		BAF8390623A486D500CE0107 /* Cartfile in Resources */ = {isa = PBXBuildFile; fileRef = BAF8390523A486D500CE0107 /* Cartfile */; };
		BAF8390823A49A7C00CE0107 /* GoogleService-Info.plist in Resources */ = {isa = PBXBuildFile; fileRef = BAF8390723A49A7C00CE0107 /* GoogleService-Info.plist */; };
		BAF8390A23A49D4B00CE0107 /* SignInViewController.swift in Sources */ = {isa = PBXBuildFile; fileRef = BAF8390923A49D4B00CE0107 /* SignInViewController.swift */; };
		BAF8390C23A4AC7400CE0107 /* SignInViewModel.swift in Sources */ = {isa = PBXBuildFile; fileRef = BAF8390B23A4AC7400CE0107 /* SignInViewModel.swift */; };
		F11DDCC88FDD69E62A1295C4 /* Pods_SoloFinanzas.framework in Frameworks */ = {isa = PBXBuildFile; fileRef = 40CE0DB805961C77AD294D7D /* Pods_SoloFinanzas.framework */; };
/* End PBXBuildFile section */

/* Begin PBXCopyFilesBuildPhase section */
		BA2AD83923A47A0400AC2464 /* Embed Frameworks */ = {
			isa = PBXCopyFilesBuildPhase;
			buildActionMask = 2147483647;
			dstPath = "";
			dstSubfolderSpec = 10;
			files = (
				BA2AD83823A47A0400AC2464 /* Lottie.framework in Embed Frameworks */,
			);
			name = "Embed Frameworks";
			runOnlyForDeploymentPostprocessing = 0;
		};
/* End PBXCopyFilesBuildPhase section */

/* Begin PBXFileReference section */
		40CE0DB805961C77AD294D7D /* Pods_SoloFinanzas.framework */ = {isa = PBXFileReference; explicitFileType = wrapper.framework; includeInIndex = 0; path = Pods_SoloFinanzas.framework; sourceTree = BUILT_PRODUCTS_DIR; };
		79F1215383B1F1DD20214010 /* Pods-SoloFinanzas.release.xcconfig */ = {isa = PBXFileReference; includeInIndex = 1; lastKnownFileType = text.xcconfig; name = "Pods-SoloFinanzas.release.xcconfig"; path = "Target Support Files/Pods-SoloFinanzas/Pods-SoloFinanzas.release.xcconfig"; sourceTree = "<group>"; };
		9F03432B219C57E300603993 /* SoloFinanzas.app */ = {isa = PBXFileReference; explicitFileType = wrapper.application; includeInIndex = 0; path = SoloFinanzas.app; sourceTree = BUILT_PRODUCTS_DIR; };
		9F03432E219C57E300603993 /* AppDelegate.swift */ = {isa = PBXFileReference; lastKnownFileType = sourcecode.swift; path = AppDelegate.swift; sourceTree = "<group>"; };
		9F034333219C57E300603993 /* Base */ = {isa = PBXFileReference; lastKnownFileType = file.storyboard; name = Base; path = Base.lproj/Main.storyboard; sourceTree = "<group>"; };
		9F034335219C57E400603993 /* Assets.xcassets */ = {isa = PBXFileReference; lastKnownFileType = folder.assetcatalog; path = Assets.xcassets; sourceTree = "<group>"; };
		9F034338219C57E400603993 /* Base */ = {isa = PBXFileReference; lastKnownFileType = file.storyboard; name = Base; path = Base.lproj/LaunchScreen.storyboard; sourceTree = "<group>"; };
		9F03433A219C57E400603993 /* Info.plist */ = {isa = PBXFileReference; lastKnownFileType = text.plist.xml; path = Info.plist; sourceTree = "<group>"; };
		9F449FDA219C5E2D0050784B /* Production.plist */ = {isa = PBXFileReference; lastKnownFileType = text.plist.xml; name = Production.plist; path = /Users/andresilvagomez/Desktop/PlatziFinanzas/Production.plist; sourceTree = "<absolute>"; };
		9F449FDB219C5E740050784B /* Production.entitlements */ = {isa = PBXFileReference; lastKnownFileType = text.plist.entitlements; path = Production.entitlements; sourceTree = "<group>"; };
		9F449FDD219C5E830050784B /* MapKit.framework */ = {isa = PBXFileReference; lastKnownFileType = wrapper.framework; name = MapKit.framework; path = System/Library/Frameworks/MapKit.framework; sourceTree = SDKROOT; };
		9F62FD23219C914700A83344 /* Shadow.swift */ = {isa = PBXFileReference; lastKnownFileType = sourcecode.swift; path = Shadow.swift; sourceTree = "<group>"; };
		9F62FD27219CAEE500A83344 /* OnBoarding.storyboard */ = {isa = PBXFileReference; lastKnownFileType = file.storyboard; path = OnBoarding.storyboard; sourceTree = "<group>"; };
		9F62FD29219CB19D00A83344 /* OnBoardingContainerViewController.swift */ = {isa = PBXFileReference; lastKnownFileType = sourcecode.swift; path = OnBoardingContainerViewController.swift; sourceTree = "<group>"; };
		9F62FD2B219CB23100A83344 /* OnBoardingViewController.swift */ = {isa = PBXFileReference; lastKnownFileType = sourcecode.swift; path = OnBoardingViewController.swift; sourceTree = "<group>"; };
		9F62FD2D219CB4FA00A83344 /* OnBoardingStepsViewController.swift */ = {isa = PBXFileReference; lastKnownFileType = sourcecode.swift; path = OnBoardingStepsViewController.swift; sourceTree = "<group>"; };
		9F62FD2F219CC47100A83344 /* TransactionsViewController.swift */ = {isa = PBXFileReference; lastKnownFileType = sourcecode.swift; path = TransactionsViewController.swift; sourceTree = "<group>"; };
		9FDFDF04219C6CD500CD505D /* Transactions.storyboard */ = {isa = PBXFileReference; fileEncoding = 4; lastKnownFileType = file.storyboard; path = Transactions.storyboard; sourceTree = "<group>"; };
		9FDFDF06219C6D6500CD505D /* Profile.storyboard */ = {isa = PBXFileReference; fileEncoding = 4; lastKnownFileType = file.storyboard; path = Profile.storyboard; sourceTree = "<group>"; };
		9FDFDF0A219C6D9E00CD505D /* Statistics.storyboard */ = {isa = PBXFileReference; fileEncoding = 4; lastKnownFileType = file.storyboard; path = Statistics.storyboard; sourceTree = "<group>"; };
		9FDFDF0D219C6DB900CD505D /* Base */ = {isa = PBXFileReference; lastKnownFileType = file.storyboard; name = Base; path = PlatziFinanzas/Application/Main/Main/Base.lproj/Budget.storyboard; sourceTree = "<group>"; };
		9FDFDF10219C6E1B00CD505D /* Add.storyboard */ = {isa = PBXFileReference; fileEncoding = 4; lastKnownFileType = file.storyboard; path = Add.storyboard; sourceTree = "<group>"; };
		9FDFDF12219C6F4A00CD505D /* SignIn.storyboard */ = {isa = PBXFileReference; lastKnownFileType = file.storyboard; path = SignIn.storyboard; sourceTree = "<group>"; };
		9FE368C6219CCB3100606E29 /* EmptyState.xib */ = {isa = PBXFileReference; lastKnownFileType = file.xib; path = EmptyState.xib; sourceTree = "<group>"; };
		9FE368CA219DAA7400606E29 /* TabBarViewController.swift */ = {isa = PBXFileReference; lastKnownFileType = sourcecode.swift; path = TabBarViewController.swift; sourceTree = "<group>"; };
		9FE368CC219DAD5E00606E29 /* TransactionsCell.xib */ = {isa = PBXFileReference; lastKnownFileType = file.xib; path = TransactionsCell.xib; sourceTree = "<group>"; };
		9FE368CE219DADCA00606E29 /* BudgetViewController.swift */ = {isa = PBXFileReference; lastKnownFileType = sourcecode.swift; path = BudgetViewController.swift; sourceTree = "<group>"; };
		9FF27829219C7E830083760B /* Colors.xcassets */ = {isa = PBXFileReference; lastKnownFileType = folder.assetcatalog; path = Colors.xcassets; sourceTree = "<group>"; };
		BA03A36F23A301570026E781 /* Default-568h@2x.png */ = {isa = PBXFileReference; lastKnownFileType = image.png; path = "Default-568h@2x.png"; sourceTree = "<group>"; };
		BA2AD83623A47A0400AC2464 /* Lottie.framework */ = {isa = PBXFileReference; lastKnownFileType = wrapper.framework; name = Lottie.framework; path = Carthage/Build/iOS/Lottie.framework; sourceTree = "<group>"; };
		BA2AD84523A47C7F00AC2464 /* day_of_the_dead_skull.json */ = {isa = PBXFileReference; fileEncoding = 4; lastKnownFileType = text.json; path = day_of_the_dead_skull.json; sourceTree = "<group>"; };
		BA2AD84623A47C7F00AC2464 /* LottieViewController.swift */ = {isa = PBXFileReference; fileEncoding = 4; lastKnownFileType = sourcecode.swift; path = LottieViewController.swift; sourceTree = "<group>"; };
		BA2AD84723A47C7F00AC2464 /* Lottie.storyboard */ = {isa = PBXFileReference; fileEncoding = 4; lastKnownFileType = file.storyboard; path = Lottie.storyboard; sourceTree = "<group>"; };
		BAF8390523A486D500CE0107 /* Cartfile */ = {isa = PBXFileReference; lastKnownFileType = text; path = Cartfile; sourceTree = "<group>"; };
		BAF8390723A49A7C00CE0107 /* GoogleService-Info.plist */ = {isa = PBXFileReference; fileEncoding = 4; lastKnownFileType = text.plist.xml; path = "GoogleService-Info.plist"; sourceTree = "<group>"; };
		BAF8390923A49D4B00CE0107 /* SignInViewController.swift */ = {isa = PBXFileReference; lastKnownFileType = sourcecode.swift; path = SignInViewController.swift; sourceTree = "<group>"; };
		BAF8390B23A4AC7400CE0107 /* SignInViewModel.swift */ = {isa = PBXFileReference; lastKnownFileType = sourcecode.swift; path = SignInViewModel.swift; sourceTree = "<group>"; };
		EE874C86C8C62AAD43290DB0 /* Pods-SoloFinanzas.debug.xcconfig */ = {isa = PBXFileReference; includeInIndex = 1; lastKnownFileType = text.xcconfig; name = "Pods-SoloFinanzas.debug.xcconfig"; path = "Target Support Files/Pods-SoloFinanzas/Pods-SoloFinanzas.debug.xcconfig"; sourceTree = "<group>"; };
/* End PBXFileReference section */

/* Begin PBXFrameworksBuildPhase section */
		9F034328219C57E300603993 /* Frameworks */ = {
			isa = PBXFrameworksBuildPhase;
			buildActionMask = 2147483647;
			files = (
				BA2AD83723A47A0400AC2464 /* Lottie.framework in Frameworks */,
				F11DDCC88FDD69E62A1295C4 /* Pods_SoloFinanzas.framework in Frameworks */,
			);
			runOnlyForDeploymentPostprocessing = 0;
		};
/* End PBXFrameworksBuildPhase section */

/* Begin PBXGroup section */
		9F034322219C57E300603993 = {
			isa = PBXGroup;
			children = (
				BAF8390523A486D500CE0107 /* Cartfile */,
				BA03A36F23A301570026E781 /* Default-568h@2x.png */,
				9F449FDB219C5E740050784B /* Production.entitlements */,
				9F03432D219C57E300603993 /* SoloFinanzas */,
				9F03432C219C57E300603993 /* Products */,
				9F449FDC219C5E830050784B /* Frameworks */,
				ABA44B844D97E01EA8C8D196 /* Pods */,
			);
			sourceTree = "<group>";
		};
		9F03432C219C57E300603993 /* Products */ = {
			isa = PBXGroup;
			children = (
				9F03432B219C57E300603993 /* SoloFinanzas.app */,
			);
			name = Products;
			sourceTree = "<group>";
		};
		9F03432D219C57E300603993 /* SoloFinanzas */ = {
			isa = PBXGroup;
			children = (
				9F62FD22219C913100A83344 /* Extensions */,
				9F449FE2219C60410050784B /* Resources */,
				9F449FE1219C601C0050784B /* Base */,
				9F449FE0219C60080050784B /* Application */,
			);
			path = SoloFinanzas;
			sourceTree = "<group>";
		};
		9F449FDC219C5E830050784B /* Frameworks */ = {
			isa = PBXGroup;
			children = (
				BA2AD83623A47A0400AC2464 /* Lottie.framework */,
				9F449FDD219C5E830050784B /* MapKit.framework */,
				40CE0DB805961C77AD294D7D /* Pods_SoloFinanzas.framework */,
			);
			name = Frameworks;
			sourceTree = "<group>";
		};
		9F449FE0219C60080050784B /* Application */ = {
			isa = PBXGroup;
			children = (
				BA2AD84423A47C7F00AC2464 /* Animation */,
				9F449FE5219C606F0050784B /* Main */,
				9F449FE4219C60610050784B /* Authentication */,
			);
			path = Application;
			sourceTree = "<group>";
		};
		9F449FE1219C601C0050784B /* Base */ = {
			isa = PBXGroup;
			children = (
				BAF8390723A49A7C00CE0107 /* GoogleService-Info.plist */,
				9F03432E219C57E300603993 /* AppDelegate.swift */,
				9F03433A219C57E400603993 /* Info.plist */,
				9F449FDA219C5E2D0050784B /* Production.plist */,
				9F034337219C57E400603993 /* LaunchScreen.storyboard */,
			);
			path = Base;
			sourceTree = "<group>";
		};
		9F449FE2219C60410050784B /* Resources */ = {
			isa = PBXGroup;
			children = (
				9FF27828219C7E700083760B /* Colors */,
				9F449FE3219C60520050784B /* Images */,
			);
			path = Resources;
			sourceTree = "<group>";
		};
		9F449FE3219C60520050784B /* Images */ = {
			isa = PBXGroup;
			children = (
				9F034335219C57E400603993 /* Assets.xcassets */,
			);
			path = Images;
			sourceTree = "<group>";
		};
		9F449FE4219C60610050784B /* Authentication */ = {
			isa = PBXGroup;
			children = (
				9F449FE7219C608A0050784B /* Sign In */,
				9F449FE6219C60790050784B /* OnBoarding */,
			);
			path = Authentication;
			sourceTree = "<group>";
		};
		9F449FE5219C606F0050784B /* Main */ = {
			isa = PBXGroup;
			children = (
				9FDFDF0F219C6DC300CD505D /* Add */,
				9FDFDF09219C6D7700CD505D /* Statistics */,
				9FDFDF08219C6D6E00CD505D /* Budget */,
				9F449FEA219C60AE0050784B /* Main */,
				9F449FE9219C60A30050784B /* Profile */,
				9F449FE8219C609A0050784B /* Transactions */,
			);
			path = Main;
			sourceTree = "<group>";
		};
		9F449FE6219C60790050784B /* OnBoarding */ = {
			isa = PBXGroup;
			children = (
				9F62FD27219CAEE500A83344 /* OnBoarding.storyboard */,
				9F62FD29219CB19D00A83344 /* OnBoardingContainerViewController.swift */,
				9F62FD2B219CB23100A83344 /* OnBoardingViewController.swift */,
				9F62FD2D219CB4FA00A83344 /* OnBoardingStepsViewController.swift */,
			);
			path = OnBoarding;
			sourceTree = "<group>";
		};
		9F449FE7219C608A0050784B /* Sign In */ = {
			isa = PBXGroup;
			children = (
				9FDFDF12219C6F4A00CD505D /* SignIn.storyboard */,
				BAF8390923A49D4B00CE0107 /* SignInViewController.swift */,
				BAF8390B23A4AC7400CE0107 /* SignInViewModel.swift */,
			);
			path = "Sign In";
			sourceTree = "<group>";
		};
		9F449FE8219C609A0050784B /* Transactions */ = {
			isa = PBXGroup;
			children = (
				9FDFDF04219C6CD500CD505D /* Transactions.storyboard */,
				9F62FD2F219CC47100A83344 /* TransactionsViewController.swift */,
				9FE368C6219CCB3100606E29 /* EmptyState.xib */,
				9FE368CC219DAD5E00606E29 /* TransactionsCell.xib */,
			);
			path = Transactions;
			sourceTree = "<group>";
		};
		9F449FE9219C60A30050784B /* Profile */ = {
			isa = PBXGroup;
			children = (
				9FDFDF06219C6D6500CD505D /* Profile.storyboard */,
			);
			path = Profile;
			sourceTree = "<group>";
		};
		9F449FEA219C60AE0050784B /* Main */ = {
			isa = PBXGroup;
			children = (
				9F034332219C57E300603993 /* Main.storyboard */,
				9FE368CA219DAA7400606E29 /* TabBarViewController.swift */,
			);
			path = Main;
			sourceTree = "<group>";
		};
		9F62FD22219C913100A83344 /* Extensions */ = {
			isa = PBXGroup;
			children = (
				9F62FD23219C914700A83344 /* Shadow.swift */,
			);
			path = Extensions;
			sourceTree = "<group>";
		};
		9FDFDF08219C6D6E00CD505D /* Budget */ = {
			isa = PBXGroup;
			children = (
				9FDFDF0C219C6DB900CD505D /* Budget.storyboard */,
				9FE368CE219DADCA00606E29 /* BudgetViewController.swift */,
			);
			path = Budget;
			sourceTree = "<group>";
		};
		9FDFDF09219C6D7700CD505D /* Statistics */ = {
			isa = PBXGroup;
			children = (
				9FDFDF0A219C6D9E00CD505D /* Statistics.storyboard */,
			);
			path = Statistics;
			sourceTree = "<group>";
		};
		9FDFDF0F219C6DC300CD505D /* Add */ = {
			isa = PBXGroup;
			children = (
				9FDFDF10219C6E1B00CD505D /* Add.storyboard */,
			);
			path = Add;
			sourceTree = "<group>";
		};
		9FF27828219C7E700083760B /* Colors */ = {
			isa = PBXGroup;
			children = (
				9FF27829219C7E830083760B /* Colors.xcassets */,
			);
			path = Colors;
			sourceTree = "<group>";
		};
		ABA44B844D97E01EA8C8D196 /* Pods */ = {
			isa = PBXGroup;
			children = (
				EE874C86C8C62AAD43290DB0 /* Pods-SoloFinanzas.debug.xcconfig */,
				79F1215383B1F1DD20214010 /* Pods-SoloFinanzas.release.xcconfig */,
			);
			path = Pods;
			sourceTree = "<group>";
		};
		BA2AD84423A47C7F00AC2464 /* Animation */ = {
			isa = PBXGroup;
			children = (
				BA2AD84523A47C7F00AC2464 /* day_of_the_dead_skull.json */,
				BA2AD84623A47C7F00AC2464 /* LottieViewController.swift */,
				BA2AD84723A47C7F00AC2464 /* Lottie.storyboard */,
			);
			path = Animation;
			sourceTree = "<group>";
		};
/* End PBXGroup section */

/* Begin PBXNativeTarget section */
		9F03432A219C57E300603993 /* SoloFinanzas */ = {
			isa = PBXNativeTarget;
			buildConfigurationList = 9F03433D219C57E400603993 /* Build configuration list for PBXNativeTarget "SoloFinanzas" */;
			buildPhases = (
				5D8F9EB0BAFA04359577AEBC /* [CP] Check Pods Manifest.lock */,
				9F034327219C57E300603993 /* Sources */,
				9F034328219C57E300603993 /* Frameworks */,
				9F034329219C57E300603993 /* Resources */,
				BA2AD83923A47A0400AC2464 /* Embed Frameworks */,
				BA2AD83A23A47A0E00AC2464 /* ShellScript */,
				8C5EAEE4F46C1B64F3FECA4A /* [CP] Embed Pods Frameworks */,
				921B2087D76DC18B6DCC39A6 /* [CP] Copy Pods Resources */,
			);
			buildRules = (
			);
			dependencies = (
			);
			name = SoloFinanzas;
			productName = PlatziFinanzas;
			productReference = 9F03432B219C57E300603993 /* SoloFinanzas.app */;
			productType = "com.apple.product-type.application";
		};
/* End PBXNativeTarget section */

/* Begin PBXProject section */
		9F034323219C57E300603993 /* Project object */ = {
			isa = PBXProject;
			attributes = {
				LastSwiftUpdateCheck = 1010;
				LastUpgradeCheck = 1010;
				ORGANIZATIONNAME = Platzi;
				TargetAttributes = {
					9F03432A219C57E300603993 = {
						CreatedOnToolsVersion = 10.1;
						LastSwiftMigration = 1110;
					};
				};
			};
			buildConfigurationList = 9F034326219C57E300603993 /* Build configuration list for PBXProject "SoloFinanzas" */;
			compatibilityVersion = "Xcode 9.3";
			developmentRegion = en;
			hasScannedForEncodings = 0;
			knownRegions = (
				en,
				Base,
			);
			mainGroup = 9F034322219C57E300603993;
			productRefGroup = 9F03432C219C57E300603993 /* Products */;
			projectDirPath = "";
			projectRoot = "";
			targets = (
				9F03432A219C57E300603993 /* SoloFinanzas */,
			);
		};
/* End PBXProject section */

/* Begin PBXResourcesBuildPhase section */
		9F034329219C57E300603993 /* Resources */ = {
			isa = PBXResourcesBuildPhase;
			buildActionMask = 2147483647;
			files = (
				9FDFDF07219C6D6500CD505D /* Profile.storyboard in Resources */,
				BAF8390623A486D500CE0107 /* Cartfile in Resources */,
				9FE368C7219CCB3100606E29 /* EmptyState.xib in Resources */,
				9FF2782A219C7E830083760B /* Colors.xcassets in Resources */,
				BA2AD84823A47C7F00AC2464 /* day_of_the_dead_skull.json in Resources */,
				9F034339219C57E400603993 /* LaunchScreen.storyboard in Resources */,
				9FDFDF0E219C6DB900CD505D /* Budget.storyboard in Resources */,
				BA03A37123A3015C0026E781 /* Default-568h@2x.png in Resources */,
				9FDFDF11219C6E1B00CD505D /* Add.storyboard in Resources */,
				9F034336219C57E400603993 /* Assets.xcassets in Resources */,
				BA2AD84A23A47C7F00AC2464 /* Lottie.storyboard in Resources */,
				BAF8390823A49A7C00CE0107 /* GoogleService-Info.plist in Resources */,
				9FDFDF13219C6F4A00CD505D /* SignIn.storyboard in Resources */,
				9FE368CD219DAD5E00606E29 /* TransactionsCell.xib in Resources */,
				9F034334219C57E300603993 /* Main.storyboard in Resources */,
				9FDFDF0B219C6D9E00CD505D /* Statistics.storyboard in Resources */,
				9FDFDF05219C6CD500CD505D /* Transactions.storyboard in Resources */,
				9F62FD28219CAEE500A83344 /* OnBoarding.storyboard in Resources */,
			);
			runOnlyForDeploymentPostprocessing = 0;
		};
/* End PBXResourcesBuildPhase section */

/* Begin PBXShellScriptBuildPhase section */
		5D8F9EB0BAFA04359577AEBC /* [CP] Check Pods Manifest.lock */ = {
			isa = PBXShellScriptBuildPhase;
			buildActionMask = 2147483647;
			files = (
			);
			inputFileListPaths = (
			);
			inputPaths = (
				"${PODS_PODFILE_DIR_PATH}/Podfile.lock",
				"${PODS_ROOT}/Manifest.lock",
			);
			name = "[CP] Check Pods Manifest.lock";
			outputFileListPaths = (
			);
			outputPaths = (
				"$(DERIVED_FILE_DIR)/Pods-SoloFinanzas-checkManifestLockResult.txt",
			);
			runOnlyForDeploymentPostprocessing = 0;
			shellPath = /bin/sh;
			shellScript = "diff \"${PODS_PODFILE_DIR_PATH}/Podfile.lock\" \"${PODS_ROOT}/Manifest.lock\" > /dev/null\nif [ $? != 0 ] ; then\n    # print error to STDERR\n    echo \"error: The sandbox is not in sync with the Podfile.lock. Run 'pod install' or update your CocoaPods installation.\" >&2\n    exit 1\nfi\n# This output is used by Xcode 'outputs' to avoid re-running this script phase.\necho \"SUCCESS\" > \"${SCRIPT_OUTPUT_FILE_0}\"\n";
			showEnvVarsInLog = 0;
		};
		8C5EAEE4F46C1B64F3FECA4A /* [CP] Embed Pods Frameworks */ = {
			isa = PBXShellScriptBuildPhase;
			buildActionMask = 2147483647;
			files = (
			);
			inputFileListPaths = (
				"${PODS_ROOT}/Target Support Files/Pods-SoloFinanzas/Pods-SoloFinanzas-frameworks-${CONFIGURATION}-input-files.xcfilelist",
			);
			name = "[CP] Embed Pods Frameworks";
			outputFileListPaths = (
				"${PODS_ROOT}/Target Support Files/Pods-SoloFinanzas/Pods-SoloFinanzas-frameworks-${CONFIGURATION}-output-files.xcfilelist",
			);
			runOnlyForDeploymentPostprocessing = 0;
			shellPath = /bin/sh;
			shellScript = "\"${PODS_ROOT}/Target Support Files/Pods-SoloFinanzas/Pods-SoloFinanzas-frameworks.sh\"\n";
			showEnvVarsInLog = 0;
		};
		921B2087D76DC18B6DCC39A6 /* [CP] Copy Pods Resources */ = {
			isa = PBXShellScriptBuildPhase;
			buildActionMask = 2147483647;
			files = (
			);
			inputFileListPaths = (
				"${PODS_ROOT}/Target Support Files/Pods-SoloFinanzas/Pods-SoloFinanzas-resources-${CONFIGURATION}-input-files.xcfilelist",
			);
			name = "[CP] Copy Pods Resources";
			outputFileListPaths = (
				"${PODS_ROOT}/Target Support Files/Pods-SoloFinanzas/Pods-SoloFinanzas-resources-${CONFIGURATION}-output-files.xcfilelist",
			);
			runOnlyForDeploymentPostprocessing = 0;
			shellPath = /bin/sh;
			shellScript = "\"${PODS_ROOT}/Target Support Files/Pods-SoloFinanzas/Pods-SoloFinanzas-resources.sh\"\n";
			showEnvVarsInLog = 0;
		};
		BA2AD83A23A47A0E00AC2464 /* ShellScript */ = {
			isa = PBXShellScriptBuildPhase;
			buildActionMask = 2147483647;
			files = (
			);
			inputFileListPaths = (
			);
			inputPaths = (
				"$(SRCROOT)/Carthage/Build/iOS/Lottie.framework",
			);
			outputFileListPaths = (
			);
			outputPaths = (
			);
			runOnlyForDeploymentPostprocessing = 0;
			shellPath = /bin/sh;
			shellScript = "/usr/local/bin/carthage copy-frameworks\n";
		};
/* End PBXShellScriptBuildPhase section */

/* Begin PBXSourcesBuildPhase section */
		9F034327219C57E300603993 /* Sources */ = {
			isa = PBXSourcesBuildPhase;
			buildActionMask = 2147483647;
			files = (
				9F62FD30219CC47100A83344 /* TransactionsViewController.swift in Sources */,
				9F62FD24219C914700A83344 /* Shadow.swift in Sources */,
				9F62FD2E219CB4FA00A83344 /* OnBoardingStepsViewController.swift in Sources */,
				9F03432F219C57E300603993 /* AppDelegate.swift in Sources */,
				BA2AD84923A47C7F00AC2464 /* LottieViewController.swift in Sources */,
				9FE368CB219DAA7400606E29 /* TabBarViewController.swift in Sources */,
				9F62FD2A219CB19D00A83344 /* OnBoardingContainerViewController.swift in Sources */,
				9F62FD2C219CB23100A83344 /* OnBoardingViewController.swift in Sources */,
				BAF8390C23A4AC7400CE0107 /* SignInViewModel.swift in Sources */,
				BAF8390A23A49D4B00CE0107 /* SignInViewController.swift in Sources */,
				9FE368CF219DADCA00606E29 /* BudgetViewController.swift in Sources */,
			);
			runOnlyForDeploymentPostprocessing = 0;
		};
/* End PBXSourcesBuildPhase section */

/* Begin PBXVariantGroup section */
		9F034332219C57E300603993 /* Main.storyboard */ = {
			isa = PBXVariantGroup;
			children = (
				9F034333219C57E300603993 /* Base */,
			);
			name = Main.storyboard;
			sourceTree = "<group>";
		};
		9F034337219C57E400603993 /* LaunchScreen.storyboard */ = {
			isa = PBXVariantGroup;
			children = (
				9F034338219C57E400603993 /* Base */,
			);
			name = LaunchScreen.storyboard;
			sourceTree = "<group>";
		};
		9FDFDF0C219C6DB900CD505D /* Budget.storyboard */ = {
			isa = PBXVariantGroup;
			children = (
				9FDFDF0D219C6DB900CD505D /* Base */,
			);
			name = Budget.storyboard;
			sourceTree = "<group>";
		};
/* End PBXVariantGroup section */

/* Begin XCBuildConfiguration section */
		9F03433B219C57E400603993 /* Debug */ = {
			isa = XCBuildConfiguration;
			buildSettings = {
				ALWAYS_SEARCH_USER_PATHS = NO;
				CLANG_ANALYZER_NONNULL = YES;
				CLANG_ANALYZER_NUMBER_OBJECT_CONVERSION = YES_AGGRESSIVE;
				CLANG_CXX_LANGUAGE_STANDARD = "gnu++14";
				CLANG_CXX_LIBRARY = "libc++";
				CLANG_ENABLE_MODULES = YES;
				CLANG_ENABLE_OBJC_ARC = YES;
				CLANG_ENABLE_OBJC_WEAK = YES;
				CLANG_WARN_BLOCK_CAPTURE_AUTORELEASING = YES;
				CLANG_WARN_BOOL_CONVERSION = YES;
				CLANG_WARN_COMMA = YES;
				CLANG_WARN_CONSTANT_CONVERSION = YES;
				CLANG_WARN_DEPRECATED_OBJC_IMPLEMENTATIONS = YES;
				CLANG_WARN_DIRECT_OBJC_ISA_USAGE = YES_ERROR;
				CLANG_WARN_DOCUMENTATION_COMMENTS = YES;
				CLANG_WARN_EMPTY_BODY = YES;
				CLANG_WARN_ENUM_CONVERSION = YES;
				CLANG_WARN_INFINITE_RECURSION = YES;
				CLANG_WARN_INT_CONVERSION = YES;
				CLANG_WARN_NON_LITERAL_NULL_CONVERSION = YES;
				CLANG_WARN_OBJC_IMPLICIT_RETAIN_SELF = YES;
				CLANG_WARN_OBJC_LITERAL_CONVERSION = YES;
				CLANG_WARN_OBJC_ROOT_CLASS = YES_ERROR;
				CLANG_WARN_RANGE_LOOP_ANALYSIS = YES;
				CLANG_WARN_STRICT_PROTOTYPES = YES;
				CLANG_WARN_SUSPICIOUS_MOVE = YES;
				CLANG_WARN_UNGUARDED_AVAILABILITY = YES_AGGRESSIVE;
				CLANG_WARN_UNREACHABLE_CODE = YES;
				CLANG_WARN__DUPLICATE_METHOD_MATCH = YES;
				CODE_SIGN_IDENTITY = "iPhone Developer";
				COPY_PHASE_STRIP = NO;
				DEBUG_INFORMATION_FORMAT = dwarf;
				ENABLE_STRICT_OBJC_MSGSEND = YES;
				ENABLE_TESTABILITY = YES;
				GCC_C_LANGUAGE_STANDARD = gnu11;
				GCC_DYNAMIC_NO_PIC = NO;
				GCC_NO_COMMON_BLOCKS = YES;
				GCC_OPTIMIZATION_LEVEL = 0;
				GCC_PREPROCESSOR_DEFINITIONS = (
					"DEBUG=1",
					"$(inherited)",
				);
				GCC_WARN_64_TO_32_BIT_CONVERSION = YES;
				GCC_WARN_ABOUT_RETURN_TYPE = YES_ERROR;
				GCC_WARN_UNDECLARED_SELECTOR = YES;
				GCC_WARN_UNINITIALIZED_AUTOS = YES_AGGRESSIVE;
				GCC_WARN_UNUSED_FUNCTION = YES;
				GCC_WARN_UNUSED_VARIABLE = YES;
				IPHONEOS_DEPLOYMENT_TARGET = 12.1;
				MTL_ENABLE_DEBUG_INFO = INCLUDE_SOURCE;
				MTL_FAST_MATH = YES;
				ONLY_ACTIVE_ARCH = YES;
				SDKROOT = iphoneos;
				SWIFT_ACTIVE_COMPILATION_CONDITIONS = DEBUG;
				SWIFT_OPTIMIZATION_LEVEL = "-Onone";
			};
			name = Debug;
		};
		9F03433C219C57E400603993 /* Release */ = {
			isa = XCBuildConfiguration;
			buildSettings = {
				ALWAYS_SEARCH_USER_PATHS = NO;
				CLANG_ANALYZER_NONNULL = YES;
				CLANG_ANALYZER_NUMBER_OBJECT_CONVERSION = YES_AGGRESSIVE;
				CLANG_CXX_LANGUAGE_STANDARD = "gnu++14";
				CLANG_CXX_LIBRARY = "libc++";
				CLANG_ENABLE_MODULES = YES;
				CLANG_ENABLE_OBJC_ARC = YES;
				CLANG_ENABLE_OBJC_WEAK = YES;
				CLANG_WARN_BLOCK_CAPTURE_AUTORELEASING = YES;
				CLANG_WARN_BOOL_CONVERSION = YES;
				CLANG_WARN_COMMA = YES;
				CLANG_WARN_CONSTANT_CONVERSION = YES;
				CLANG_WARN_DEPRECATED_OBJC_IMPLEMENTATIONS = YES;
				CLANG_WARN_DIRECT_OBJC_ISA_USAGE = YES_ERROR;
				CLANG_WARN_DOCUMENTATION_COMMENTS = YES;
				CLANG_WARN_EMPTY_BODY = YES;
				CLANG_WARN_ENUM_CONVERSION = YES;
				CLANG_WARN_INFINITE_RECURSION = YES;
				CLANG_WARN_INT_CONVERSION = YES;
				CLANG_WARN_NON_LITERAL_NULL_CONVERSION = YES;
				CLANG_WARN_OBJC_IMPLICIT_RETAIN_SELF = YES;
				CLANG_WARN_OBJC_LITERAL_CONVERSION = YES;
				CLANG_WARN_OBJC_ROOT_CLASS = YES_ERROR;
				CLANG_WARN_RANGE_LOOP_ANALYSIS = YES;
				CLANG_WARN_STRICT_PROTOTYPES = YES;
				CLANG_WARN_SUSPICIOUS_MOVE = YES;
				CLANG_WARN_UNGUARDED_AVAILABILITY = YES_AGGRESSIVE;
				CLANG_WARN_UNREACHABLE_CODE = YES;
				CLANG_WARN__DUPLICATE_METHOD_MATCH = YES;
				CODE_SIGN_IDENTITY = "iPhone Developer";
				COPY_PHASE_STRIP = NO;
				DEBUG_INFORMATION_FORMAT = "dwarf-with-dsym";
				ENABLE_NS_ASSERTIONS = NO;
				ENABLE_STRICT_OBJC_MSGSEND = YES;
				GCC_C_LANGUAGE_STANDARD = gnu11;
				GCC_NO_COMMON_BLOCKS = YES;
				GCC_WARN_64_TO_32_BIT_CONVERSION = YES;
				GCC_WARN_ABOUT_RETURN_TYPE = YES_ERROR;
				GCC_WARN_UNDECLARED_SELECTOR = YES;
				GCC_WARN_UNINITIALIZED_AUTOS = YES_AGGRESSIVE;
				GCC_WARN_UNUSED_FUNCTION = YES;
				GCC_WARN_UNUSED_VARIABLE = YES;
				IPHONEOS_DEPLOYMENT_TARGET = 12.1;
				MTL_ENABLE_DEBUG_INFO = NO;
				MTL_FAST_MATH = YES;
				SDKROOT = iphoneos;
				SWIFT_COMPILATION_MODE = wholemodule;
				SWIFT_OPTIMIZATION_LEVEL = "-O";
				VALIDATE_PRODUCT = YES;
			};
			name = Release;
		};
		9F03433E219C57E400603993 /* Debug */ = {
			isa = XCBuildConfiguration;
			baseConfigurationReference = EE874C86C8C62AAD43290DB0 /* Pods-SoloFinanzas.debug.xcconfig */;
			buildSettings = {
				ASSETCATALOG_COMPILER_APPICON_NAME = AppIcon;
				CODE_SIGN_STYLE = Automatic;
				DEVELOPMENT_ASSET_PATHS = "";
				DEVELOPMENT_TEAM = JSFPD9RQT4;
				FRAMEWORK_SEARCH_PATHS = (
					"$(inherited)",
					"$(PROJECT_DIR)/Carthage/Build/iOS",
				);
				INFOPLIST_FILE = "$(SRCROOT)/SoloFinanzas/Base/Info.plist";
				IPHONEOS_DEPLOYMENT_TARGET = 13.1;
				LD_RUNPATH_SEARCH_PATHS = (
					"$(inherited)",
					"@executable_path/Frameworks",
				);
				PRODUCT_BUNDLE_IDENTIFIER = calere.SoloFinanzas;
				PRODUCT_NAME = "$(TARGET_NAME)";
				SWIFT_VERSION = 5.0;
				TARGETED_DEVICE_FAMILY = 1;
			};
			name = Debug;
		};
		9F03433F219C57E400603993 /* Release */ = {
			isa = XCBuildConfiguration;
			baseConfigurationReference = 79F1215383B1F1DD20214010 /* Pods-SoloFinanzas.release.xcconfig */;
			buildSettings = {
				ASSETCATALOG_COMPILER_APPICON_NAME = AppIcon;
				CODE_SIGN_STYLE = Automatic;
				DEVELOPMENT_ASSET_PATHS = "";
				DEVELOPMENT_TEAM = JSFPD9RQT4;
				FRAMEWORK_SEARCH_PATHS = (
					"$(inherited)",
					"$(PROJECT_DIR)/Carthage/Build/iOS",
				);
				INFOPLIST_FILE = "$(SRCROOT)/SoloFinanzas/Base/Info.plist";
				IPHONEOS_DEPLOYMENT_TARGET = 13.1;
				LD_RUNPATH_SEARCH_PATHS = (
					"$(inherited)",
					"@executable_path/Frameworks",
				);
				PRODUCT_BUNDLE_IDENTIFIER = calere.SoloFinanzas;
				PRODUCT_NAME = "$(TARGET_NAME)";
				SWIFT_VERSION = 5.0;
				TARGETED_DEVICE_FAMILY = 1;
			};
			name = Release;
		};
/* End XCBuildConfiguration section */

/* Begin XCConfigurationList section */
		9F034326219C57E300603993 /* Build configuration list for PBXProject "SoloFinanzas" */ = {
			isa = XCConfigurationList;
			buildConfigurations = (
				9F03433B219C57E400603993 /* Debug */,
				9F03433C219C57E400603993 /* Release */,
			);
			defaultConfigurationIsVisible = 0;
			defaultConfigurationName = Release;
		};
		9F03433D219C57E400603993 /* Build configuration list for PBXNativeTarget "SoloFinanzas" */ = {
			isa = XCConfigurationList;
			buildConfigurations = (
				9F03433E219C57E400603993 /* Debug */,
				9F03433F219C57E400603993 /* Release */,
			);
			defaultConfigurationIsVisible = 0;
			defaultConfigurationName = Release;
		};
/* End XCConfigurationList section */
	};
	rootObject = 9F034323219C57E300603993 /* Project object */;
}
